// !$*UTF8*$!
{
	archiveVersion = 1;
	classes = {
	};
	objectVersion = 46;
	objects = {

/* Begin PBXBuildFile section */
		14AF37B61F3F259300555BBA /* CoreLocation.framework in Frameworks */ = {isa = PBXBuildFile; fileRef = 14AF37B51F3F259300555BBA /* CoreLocation.framework */; };
		14C492821F3EE7040028B654 /* AppDelegate.swift in Sources */ = {isa = PBXBuildFile; fileRef = 14C492811F3EE7040028B654 /* AppDelegate.swift */; };
		14C492841F3EE7040028B654 /* ViewController.swift in Sources */ = {isa = PBXBuildFile; fileRef = 14C492831F3EE7040028B654 /* ViewController.swift */; };
		14C492871F3EE7040028B654 /* Main.storyboard in Resources */ = {isa = PBXBuildFile; fileRef = 14C492851F3EE7040028B654 /* Main.storyboard */; };
		14C492891F3EE7040028B654 /* Assets.xcassets in Resources */ = {isa = PBXBuildFile; fileRef = 14C492881F3EE7040028B654 /* Assets.xcassets */; };
		14C492971F3EE7040028B654 /* NerarByDemoTests.swift in Sources */ = {isa = PBXBuildFile; fileRef = 14C492961F3EE7040028B654 /* NerarByDemoTests.swift */; };
		14C492A21F3EE7040028B654 /* NerarByDemoUITests.swift in Sources */ = {isa = PBXBuildFile; fileRef = 14C492A11F3EE7040028B654 /* NerarByDemoUITests.swift */; };
		14D5AB2C1F40E38D00E11C78 /* Location.gpx in Resources */ = {isa = PBXBuildFile; fileRef = 14D5AB2B1F40E38D00E11C78 /* Location.gpx */; };
		14DC938E1F4164BA00DFA56E /* CaegoryItems.swift in Sources */ = {isa = PBXBuildFile; fileRef = 14DC938D1F4164BA00DFA56E /* CaegoryItems.swift */; };
		14DC93901F41688900DFA56E /* CategoryItems.plist in Resources */ = {isa = PBXBuildFile; fileRef = 14DC938F1F41688900DFA56E /* CategoryItems.plist */; };
		14DC93981F417ACB00DFA56E /* ServiceDataModel.swift in Sources */ = {isa = PBXBuildFile; fileRef = 14DC93971F417ACB00DFA56E /* ServiceDataModel.swift */; };
		14DEB03F1F3F5170005C5067 /* AlamofirNetworkConnection.swift in Sources */ = {isa = PBXBuildFile; fileRef = 14DEB03E1F3F5170005C5067 /* AlamofirNetworkConnection.swift */; };
		14DEB0421F3F8119005C5067 /* PlacesCollectionViewCell.swift in Sources */ = {isa = PBXBuildFile; fileRef = 14DEB0401F3F8119005C5067 /* PlacesCollectionViewCell.swift */; };
		14DEB0431F3F8119005C5067 /* PlacesCollectionViewCell.xib in Resources */ = {isa = PBXBuildFile; fileRef = 14DEB0411F3F8119005C5067 /* PlacesCollectionViewCell.xib */; };
		14DEB0451F3F834A005C5067 /* CategoryDetailsViewController.swift in Sources */ = {isa = PBXBuildFile; fileRef = 14DEB0441F3F834A005C5067 /* CategoryDetailsViewController.swift */; };
		14DEB0491F3F9CF3005C5067 /* DetailsMapViewController.swift in Sources */ = {isa = PBXBuildFile; fileRef = 14DEB0481F3F9CF3005C5067 /* DetailsMapViewController.swift */; };
		14DEB04B1F3F9FF1005C5067 /* MapKit.framework in Frameworks */ = {isa = PBXBuildFile; fileRef = 14DEB04A1F3F9FF1005C5067 /* MapKit.framework */; };
		14DEB04F1F3FA066005C5067 /* GoogleMaps.framework in Frameworks */ = {isa = PBXBuildFile; fileRef = 14DEB04E1F3FA066005C5067 /* GoogleMaps.framework */; };
		86D0911785A2E23E6F38FE6D /* Pods_NerarByDemo.framework in Frameworks */ = {isa = PBXBuildFile; fileRef = 0ABC6EB5B14A7CC787F679C3 /* Pods_NerarByDemo.framework */; };
/* End PBXBuildFile section */

/* Begin PBXContainerItemProxy section */
		14C492931F3EE7040028B654 /* PBXContainerItemProxy */ = {
			isa = PBXContainerItemProxy;
			containerPortal = 14C492761F3EE7040028B654 /* Project object */;
			proxyType = 1;
			remoteGlobalIDString = 14C4927D1F3EE7040028B654;
			remoteInfo = NerarByDemo;
		};
		14C4929E1F3EE7040028B654 /* PBXContainerItemProxy */ = {
			isa = PBXContainerItemProxy;
			containerPortal = 14C492761F3EE7040028B654 /* Project object */;
			proxyType = 1;
			remoteGlobalIDString = 14C4927D1F3EE7040028B654;
			remoteInfo = NerarByDemo;
		};
/* End PBXContainerItemProxy section */

/* Begin PBXFileReference section */
		054D2A4C2BB6ABE571EE952B /* Pods-NerarByDemo.release.xcconfig */ = {isa = PBXFileReference; includeInIndex = 1; lastKnownFileType = text.xcconfig; name = "Pods-NerarByDemo.release.xcconfig"; path = "Pods/Target Support Files/Pods-NerarByDemo/Pods-NerarByDemo.release.xcconfig"; sourceTree = "<group>"; };
		0ABC6EB5B14A7CC787F679C3 /* Pods_NerarByDemo.framework */ = {isa = PBXFileReference; explicitFileType = wrapper.framework; includeInIndex = 0; path = Pods_NerarByDemo.framework; sourceTree = BUILT_PRODUCTS_DIR; };
		14AF37B51F3F259300555BBA /* CoreLocation.framework */ = {isa = PBXFileReference; lastKnownFileType = wrapper.framework; name = CoreLocation.framework; path = System/Library/Frameworks/CoreLocation.framework; sourceTree = SDKROOT; };
		14C4927E1F3EE7040028B654 /* NerarByDemo.app */ = {isa = PBXFileReference; explicitFileType = wrapper.application; includeInIndex = 0; path = NerarByDemo.app; sourceTree = BUILT_PRODUCTS_DIR; };
		14C492811F3EE7040028B654 /* AppDelegate.swift */ = {isa = PBXFileReference; lastKnownFileType = sourcecode.swift; path = AppDelegate.swift; sourceTree = "<group>"; };
		14C492831F3EE7040028B654 /* ViewController.swift */ = {isa = PBXFileReference; lastKnownFileType = sourcecode.swift; path = ViewController.swift; sourceTree = "<group>"; };
		14C492861F3EE7040028B654 /* Base */ = {isa = PBXFileReference; lastKnownFileType = file.storyboard; name = Base; path = Base.lproj/Main.storyboard; sourceTree = "<group>"; };
		14C492881F3EE7040028B654 /* Assets.xcassets */ = {isa = PBXFileReference; lastKnownFileType = folder.assetcatalog; path = Assets.xcassets; sourceTree = "<group>"; };
		14C4928D1F3EE7040028B654 /* Info.plist */ = {isa = PBXFileReference; lastKnownFileType = text.plist.xml; path = Info.plist; sourceTree = "<group>"; };
		14C492921F3EE7040028B654 /* NerarByDemoTests.xctest */ = {isa = PBXFileReference; explicitFileType = wrapper.cfbundle; includeInIndex = 0; path = NerarByDemoTests.xctest; sourceTree = BUILT_PRODUCTS_DIR; };
		14C492961F3EE7040028B654 /* NerarByDemoTests.swift */ = {isa = PBXFileReference; lastKnownFileType = sourcecode.swift; path = NerarByDemoTests.swift; sourceTree = "<group>"; };
		14C492981F3EE7040028B654 /* Info.plist */ = {isa = PBXFileReference; lastKnownFileType = text.plist.xml; path = Info.plist; sourceTree = "<group>"; };
		14C4929D1F3EE7040028B654 /* NerarByDemoUITests.xctest */ = {isa = PBXFileReference; explicitFileType = wrapper.cfbundle; includeInIndex = 0; path = NerarByDemoUITests.xctest; sourceTree = BUILT_PRODUCTS_DIR; };
		14C492A11F3EE7040028B654 /* NerarByDemoUITests.swift */ = {isa = PBXFileReference; lastKnownFileType = sourcecode.swift; path = NerarByDemoUITests.swift; sourceTree = "<group>"; };
		14C492A31F3EE7040028B654 /* Info.plist */ = {isa = PBXFileReference; lastKnownFileType = text.plist.xml; path = Info.plist; sourceTree = "<group>"; };
		14D5AB2B1F40E38D00E11C78 /* Location.gpx */ = {isa = PBXFileReference; fileEncoding = 4; lastKnownFileType = text.xml; path = Location.gpx; sourceTree = SOURCE_ROOT; };
		14DC938D1F4164BA00DFA56E /* CaegoryItems.swift */ = {isa = PBXFileReference; fileEncoding = 4; lastKnownFileType = sourcecode.swift; path = CaegoryItems.swift; sourceTree = "<group>"; };
		14DC938F1F41688900DFA56E /* CategoryItems.plist */ = {isa = PBXFileReference; fileEncoding = 4; lastKnownFileType = text.plist.xml; path = CategoryItems.plist; sourceTree = "<group>"; };
		14DC93971F417ACB00DFA56E /* ServiceDataModel.swift */ = {isa = PBXFileReference; fileEncoding = 4; lastKnownFileType = sourcecode.swift; path = ServiceDataModel.swift; sourceTree = "<group>"; };
		14DEB03E1F3F5170005C5067 /* AlamofirNetworkConnection.swift */ = {isa = PBXFileReference; fileEncoding = 4; lastKnownFileType = sourcecode.swift; path = AlamofirNetworkConnection.swift; sourceTree = "<group>"; };
		14DEB0401F3F8119005C5067 /* PlacesCollectionViewCell.swift */ = {isa = PBXFileReference; fileEncoding = 4; lastKnownFileType = sourcecode.swift; path = PlacesCollectionViewCell.swift; sourceTree = "<group>"; };
		14DEB0411F3F8119005C5067 /* PlacesCollectionViewCell.xib */ = {isa = PBXFileReference; fileEncoding = 4; lastKnownFileType = file.xib; path = PlacesCollectionViewCell.xib; sourceTree = "<group>"; };
		14DEB0441F3F834A005C5067 /* CategoryDetailsViewController.swift */ = {isa = PBXFileReference; fileEncoding = 4; lastKnownFileType = sourcecode.swift; path = CategoryDetailsViewController.swift; sourceTree = "<group>"; };
		14DEB0481F3F9CF3005C5067 /* DetailsMapViewController.swift */ = {isa = PBXFileReference; fileEncoding = 4; lastKnownFileType = sourcecode.swift; path = DetailsMapViewController.swift; sourceTree = "<group>"; };
		14DEB04A1F3F9FF1005C5067 /* MapKit.framework */ = {isa = PBXFileReference; lastKnownFileType = wrapper.framework; name = MapKit.framework; path = System/Library/Frameworks/MapKit.framework; sourceTree = SDKROOT; };
		14DEB04C1F3FA007005C5067 /* GSS.framework */ = {isa = PBXFileReference; lastKnownFileType = wrapper.framework; name = GSS.framework; path = System/Library/Frameworks/GSS.framework; sourceTree = SDKROOT; };
		14DEB04E1F3FA066005C5067 /* GoogleMaps.framework */ = {isa = PBXFileReference; lastKnownFileType = wrapper.framework; name = GoogleMaps.framework; path = Pods/GoogleMaps/Maps/Frameworks/GoogleMaps.framework; sourceTree = "<group>"; };
		C10A3498F681939B803CCA5D /* Pods-NerarByDemo.debug.xcconfig */ = {isa = PBXFileReference; includeInIndex = 1; lastKnownFileType = text.xcconfig; name = "Pods-NerarByDemo.debug.xcconfig"; path = "Pods/Target Support Files/Pods-NerarByDemo/Pods-NerarByDemo.debug.xcconfig"; sourceTree = "<group>"; };
/* End PBXFileReference section */

/* Begin PBXFrameworksBuildPhase section */
		14C4927B1F3EE7040028B654 /* Frameworks */ = {
			isa = PBXFrameworksBuildPhase;
			buildActionMask = 2147483647;
			files = (
				14DEB04F1F3FA066005C5067 /* GoogleMaps.framework in Frameworks */,
				14DEB04B1F3F9FF1005C5067 /* MapKit.framework in Frameworks */,
				14AF37B61F3F259300555BBA /* CoreLocation.framework in Frameworks */,
				86D0911785A2E23E6F38FE6D /* Pods_NerarByDemo.framework in Frameworks */,
			);
			runOnlyForDeploymentPostprocessing = 0;
		};
		14C4928F1F3EE7040028B654 /* Frameworks */ = {
			isa = PBXFrameworksBuildPhase;
			buildActionMask = 2147483647;
			files = (
			);
			runOnlyForDeploymentPostprocessing = 0;
		};
		14C4929A1F3EE7040028B654 /* Frameworks */ = {
			isa = PBXFrameworksBuildPhase;
			buildActionMask = 2147483647;
			files = (
			);
			runOnlyForDeploymentPostprocessing = 0;
		};
/* End PBXFrameworksBuildPhase section */

/* Begin PBXGroup section */
		14C492751F3EE7040028B654 = {
			isa = PBXGroup;
			children = (
				14C492801F3EE7040028B654 /* NerarByDemo */,
				14C492951F3EE7040028B654 /* NerarByDemoTests */,
				14C492A01F3EE7040028B654 /* NerarByDemoUITests */,
				14C4927F1F3EE7040028B654 /* Products */,
				C0DC155FB6EF1F009BA362B3 /* Pods */,
				5F81F8CE59FB57D48D1DCCDD /* Frameworks */,
			);
			sourceTree = "<group>";
		};
		14C4927F1F3EE7040028B654 /* Products */ = {
			isa = PBXGroup;
			children = (
				14C4927E1F3EE7040028B654 /* NerarByDemo.app */,
				14C492921F3EE7040028B654 /* NerarByDemoTests.xctest */,
				14C4929D1F3EE7040028B654 /* NerarByDemoUITests.xctest */,
			);
			name = Products;
			sourceTree = "<group>";
		};
		14C492801F3EE7040028B654 /* NerarByDemo */ = {
			isa = PBXGroup;
			children = (
				14DC93961F416DAA00DFA56E /* View */,
				14DC93941F416D5700DFA56E /* DataModels */,
				14DC93931F416D2900DFA56E /* NetworkManagers */,
				14DC93921F416D1500DFA56E /* CustomCells */,
				14DC93911F416CF500DFA56E /* ViewControllers */,
				14DC93951F416D7800DFA56E /* SuppportingFiles */,
			);
			path = NerarByDemo;
			sourceTree = "<group>";
		};
		14C492951F3EE7040028B654 /* NerarByDemoTests */ = {
			isa = PBXGroup;
			children = (
				14C492961F3EE7040028B654 /* NerarByDemoTests.swift */,
				14C492981F3EE7040028B654 /* Info.plist */,
			);
			path = NerarByDemoTests;
			sourceTree = "<group>";
		};
		14C492A01F3EE7040028B654 /* NerarByDemoUITests */ = {
			isa = PBXGroup;
			children = (
				14C492A11F3EE7040028B654 /* NerarByDemoUITests.swift */,
				14C492A31F3EE7040028B654 /* Info.plist */,
			);
			path = NerarByDemoUITests;
			sourceTree = "<group>";
		};
		14DC93911F416CF500DFA56E /* ViewControllers */ = {
			isa = PBXGroup;
			children = (
				14C492831F3EE7040028B654 /* ViewController.swift */,
				14DEB0441F3F834A005C5067 /* CategoryDetailsViewController.swift */,
				14DEB0481F3F9CF3005C5067 /* DetailsMapViewController.swift */,
			);
			name = ViewControllers;
			sourceTree = "<group>";
		};
		14DC93921F416D1500DFA56E /* CustomCells */ = {
			isa = PBXGroup;
			children = (
				14DEB0401F3F8119005C5067 /* PlacesCollectionViewCell.swift */,
				14DEB0411F3F8119005C5067 /* PlacesCollectionViewCell.xib */,
			);
			name = CustomCells;
			sourceTree = "<group>";
		};
		14DC93931F416D2900DFA56E /* NetworkManagers */ = {
			isa = PBXGroup;
			children = (
				14DEB03E1F3F5170005C5067 /* AlamofirNetworkConnection.swift */,
			);
			name = NetworkManagers;
			sourceTree = "<group>";
		};
		14DC93941F416D5700DFA56E /* DataModels */ = {
			isa = PBXGroup;
			children = (
				14DC938D1F4164BA00DFA56E /* CaegoryItems.swift */,
				14DC938F1F41688900DFA56E /* CategoryItems.plist */,
				14DC93971F417ACB00DFA56E /* ServiceDataModel.swift */,
			);
			name = DataModels;
			sourceTree = "<group>";
		};
		14DC93951F416D7800DFA56E /* SuppportingFiles */ = {
			isa = PBXGroup;
			children = (
				14C492811F3EE7040028B654 /* AppDelegate.swift */,
				14C4928D1F3EE7040028B654 /* Info.plist */,
				14D5AB2B1F40E38D00E11C78 /* Location.gpx */,
				14C492881F3EE7040028B654 /* Assets.xcassets */,
			);
			name = SuppportingFiles;
			sourceTree = "<group>";
		};
		14DC93961F416DAA00DFA56E /* View */ = {
			isa = PBXGroup;
			children = (
				14C492851F3EE7040028B654 /* Main.storyboard */,
			);
			name = View;
			sourceTree = "<group>";
		};
		5F81F8CE59FB57D48D1DCCDD /* Frameworks */ = {
			isa = PBXGroup;
			children = (
				14DEB04E1F3FA066005C5067 /* GoogleMaps.framework */,
				14DEB04C1F3FA007005C5067 /* GSS.framework */,
				14DEB04A1F3F9FF1005C5067 /* MapKit.framework */,
				14AF37B51F3F259300555BBA /* CoreLocation.framework */,
				0ABC6EB5B14A7CC787F679C3 /* Pods_NerarByDemo.framework */,
			);
			name = Frameworks;
			sourceTree = "<group>";
		};
		C0DC155FB6EF1F009BA362B3 /* Pods */ = {
			isa = PBXGroup;
			children = (
				C10A3498F681939B803CCA5D /* Pods-NerarByDemo.debug.xcconfig */,
				054D2A4C2BB6ABE571EE952B /* Pods-NerarByDemo.release.xcconfig */,
			);
			name = Pods;
			sourceTree = "<group>";
		};
/* End PBXGroup section */

/* Begin PBXNativeTarget section */
		14C4927D1F3EE7040028B654 /* NerarByDemo */ = {
			isa = PBXNativeTarget;
			buildConfigurationList = 14C492A61F3EE7040028B654 /* Build configuration list for PBXNativeTarget "NerarByDemo" */;
			buildPhases = (
				6A0CBB68E4FF6FD60D3059F4 /* [CP] Check Pods Manifest.lock */,
				14C4927A1F3EE7040028B654 /* Sources */,
				14C4927B1F3EE7040028B654 /* Frameworks */,
				14C4927C1F3EE7040028B654 /* Resources */,
				D92EF582589C13CC0B7F03E2 /* [CP] Embed Pods Frameworks */,
				A3C873F009F4DFE4A4D9CEF1 /* [CP] Copy Pods Resources */,
			);
			buildRules = (
			);
			dependencies = (
			);
			name = NerarByDemo;
			productName = NerarByDemo;
			productReference = 14C4927E1F3EE7040028B654 /* NerarByDemo.app */;
			productType = "com.apple.product-type.application";
		};
		14C492911F3EE7040028B654 /* NerarByDemoTests */ = {
			isa = PBXNativeTarget;
			buildConfigurationList = 14C492A91F3EE7040028B654 /* Build configuration list for PBXNativeTarget "NerarByDemoTests" */;
			buildPhases = (
				14C4928E1F3EE7040028B654 /* Sources */,
				14C4928F1F3EE7040028B654 /* Frameworks */,
				14C492901F3EE7040028B654 /* Resources */,
			);
			buildRules = (
			);
			dependencies = (
				14C492941F3EE7040028B654 /* PBXTargetDependency */,
			);
			name = NerarByDemoTests;
			productName = NerarByDemoTests;
			productReference = 14C492921F3EE7040028B654 /* NerarByDemoTests.xctest */;
			productType = "com.apple.product-type.bundle.unit-test";
		};
		14C4929C1F3EE7040028B654 /* NerarByDemoUITests */ = {
			isa = PBXNativeTarget;
			buildConfigurationList = 14C492AC1F3EE7040028B654 /* Build configuration list for PBXNativeTarget "NerarByDemoUITests" */;
			buildPhases = (
				14C492991F3EE7040028B654 /* Sources */,
				14C4929A1F3EE7040028B654 /* Frameworks */,
				14C4929B1F3EE7040028B654 /* Resources */,
			);
			buildRules = (
			);
			dependencies = (
				14C4929F1F3EE7040028B654 /* PBXTargetDependency */,
			);
			name = NerarByDemoUITests;
			productName = NerarByDemoUITests;
			productReference = 14C4929D1F3EE7040028B654 /* NerarByDemoUITests.xctest */;
			productType = "com.apple.product-type.bundle.ui-testing";
		};
/* End PBXNativeTarget section */

/* Begin PBXProject section */
		14C492761F3EE7040028B654 /* Project object */ = {
			isa = PBXProject;
			attributes = {
				LastSwiftUpdateCheck = 0820;
				LastUpgradeCheck = 0820;
				ORGANIZATIONNAME = "Subhankar Singha";
				TargetAttributes = {
					14C4927D1F3EE7040028B654 = {
						CreatedOnToolsVersion = 8.2.1;
						ProvisioningStyle = Manual;
					};
					14C492911F3EE7040028B654 = {
						CreatedOnToolsVersion = 8.2.1;
						ProvisioningStyle = Automatic;
						TestTargetID = 14C4927D1F3EE7040028B654;
					};
					14C4929C1F3EE7040028B654 = {
						CreatedOnToolsVersion = 8.2.1;
						ProvisioningStyle = Automatic;
						TestTargetID = 14C4927D1F3EE7040028B654;
					};
				};
			};
			buildConfigurationList = 14C492791F3EE7040028B654 /* Build configuration list for PBXProject "NerarByDemo" */;
			compatibilityVersion = "Xcode 3.2";
			developmentRegion = English;
			hasScannedForEncodings = 0;
			knownRegions = (
				en,
				Base,
			);
			mainGroup = 14C492751F3EE7040028B654;
			productRefGroup = 14C4927F1F3EE7040028B654 /* Products */;
			projectDirPath = "";
			projectRoot = "";
			targets = (
				14C4927D1F3EE7040028B654 /* NerarByDemo */,
				14C492911F3EE7040028B654 /* NerarByDemoTests */,
				14C4929C1F3EE7040028B654 /* NerarByDemoUITests */,
			);
		};
/* End PBXProject section */

/* Begin PBXResourcesBuildPhase section */
		14C4927C1F3EE7040028B654 /* Resources */ = {
			isa = PBXResourcesBuildPhase;
			buildActionMask = 2147483647;
			files = (
				14DEB0431F3F8119005C5067 /* PlacesCollectionViewCell.xib in Resources */,
				14D5AB2C1F40E38D00E11C78 /* Location.gpx in Resources */,
				14DC93901F41688900DFA56E /* CategoryItems.plist in Resources */,
				14C492891F3EE7040028B654 /* Assets.xcassets in Resources */,
				14C492871F3EE7040028B654 /* Main.storyboard in Resources */,
			);
			runOnlyForDeploymentPostprocessing = 0;
		};
		14C492901F3EE7040028B654 /* Resources */ = {
			isa = PBXResourcesBuildPhase;
			buildActionMask = 2147483647;
			files = (
			);
			runOnlyForDeploymentPostprocessing = 0;
		};
		14C4929B1F3EE7040028B654 /* Resources */ = {
			isa = PBXResourcesBuildPhase;
			buildActionMask = 2147483647;
			files = (
			);
			runOnlyForDeploymentPostprocessing = 0;
		};
/* End PBXResourcesBuildPhase section */

/* Begin PBXShellScriptBuildPhase section */
		6A0CBB68E4FF6FD60D3059F4 /* [CP] Check Pods Manifest.lock */ = {
			isa = PBXShellScriptBuildPhase;
			buildActionMask = 2147483647;
			files = (
			);
			inputPaths = (
				"${PODS_PODFILE_DIR_PATH}/Podfile.lock",
				"${PODS_ROOT}/Manifest.lock",
			);
			name = "[CP] Check Pods Manifest.lock";
			outputPaths = (
				"$(DERIVED_FILE_DIR)/Pods-NerarByDemo-checkManifestLockResult.txt",
			);
			runOnlyForDeploymentPostprocessing = 0;
			shellPath = /bin/sh;
			shellScript = "diff \"${PODS_PODFILE_DIR_PATH}/Podfile.lock\" \"${PODS_ROOT}/Manifest.lock\" > /dev/null\nif [ $? != 0 ] ; then\n    # print error to STDERR\n    echo \"error: The sandbox is not in sync with the Podfile.lock. Run 'pod install' or update your CocoaPods installation.\" >&2\n    exit 1\nfi\n# This output is used by Xcode 'outputs' to avoid re-running this script phase.\necho \"SUCCESS\" > \"${SCRIPT_OUTPUT_FILE_0}\"\n";
			showEnvVarsInLog = 0;
		};
		A3C873F009F4DFE4A4D9CEF1 /* [CP] Copy Pods Resources */ = {
			isa = PBXShellScriptBuildPhase;
			buildActionMask = 2147483647;
			files = (
			);
			inputPaths = (
				"${SRCROOT}/Pods/Target Support Files/Pods-NerarByDemo/Pods-NerarByDemo-resources.sh",
				"${PODS_ROOT}/GoogleMaps/Maps/Frameworks/GoogleMaps.framework/Resources/GoogleMaps.bundle",
				"${PODS_ROOT}/GooglePlacePicker/Frameworks/GooglePlacePicker.framework/Resources/GooglePlacePicker.bundle",
				"${PODS_ROOT}/GooglePlaces/Frameworks/GooglePlaces.framework/Resources/GooglePlaces.bundle",
			);
			name = "[CP] Copy Pods Resources";
			outputPaths = (
				"${TARGET_BUILD_DIR}/${UNLOCALIZED_RESOURCES_FOLDER_PATH}",
			);
			runOnlyForDeploymentPostprocessing = 0;
			shellPath = /bin/sh;
			shellScript = "\"${SRCROOT}/Pods/Target Support Files/Pods-NerarByDemo/Pods-NerarByDemo-resources.sh\"\n";
			showEnvVarsInLog = 0;
		};
		D92EF582589C13CC0B7F03E2 /* [CP] Embed Pods Frameworks */ = {
			isa = PBXShellScriptBuildPhase;
			buildActionMask = 2147483647;
			files = (
			);
			inputPaths = (
				"${SRCROOT}/Pods/Target Support Files/Pods-NerarByDemo/Pods-NerarByDemo-frameworks.sh",
				"${BUILT_PRODUCTS_DIR}/Alamofire/Alamofire.framework",
				"${BUILT_PRODUCTS_DIR}/AlamofireObjectMapper/AlamofireObjectMapper.framework",
				"${BUILT_PRODUCTS_DIR}/IQKeyboardManagerSwift/IQKeyboardManagerSwift.framework",
				"${BUILT_PRODUCTS_DIR}/ObjectMapper/ObjectMapper.framework",
				"${BUILT_PRODUCTS_DIR}/SwiftyJSON/SwiftyJSON.framework",
			);
			name = "[CP] Embed Pods Frameworks";
			outputPaths = (
				"${TARGET_BUILD_DIR}/${FRAMEWORKS_FOLDER_PATH}/Alamofire.framework",
				"${TARGET_BUILD_DIR}/${FRAMEWORKS_FOLDER_PATH}/AlamofireObjectMapper.framework",
				"${TARGET_BUILD_DIR}/${FRAMEWORKS_FOLDER_PATH}/IQKeyboardManagerSwift.framework",
				"${TARGET_BUILD_DIR}/${FRAMEWORKS_FOLDER_PATH}/ObjectMapper.framework",
				"${TARGET_BUILD_DIR}/${FRAMEWORKS_FOLDER_PATH}/SwiftyJSON.framework",
			);
			runOnlyForDeploymentPostprocessing = 0;
			shellPath = /bin/sh;
			shellScript = "\"${SRCROOT}/Pods/Target Support Files/Pods-NerarByDemo/Pods-NerarByDemo-frameworks.sh\"\n";
			showEnvVarsInLog = 0;
		};
/* End PBXShellScriptBuildPhase section */

/* Begin PBXSourcesBuildPhase section */
		14C4927A1F3EE7040028B654 /* Sources */ = {
			isa = PBXSourcesBuildPhase;
			buildActionMask = 2147483647;
			files = (
				14DEB0491F3F9CF3005C5067 /* DetailsMapViewController.swift in Sources */,
				14DC938E1F4164BA00DFA56E /* CaegoryItems.swift in Sources */,
				14DEB0421F3F8119005C5067 /* PlacesCollectionViewCell.swift in Sources */,
				14DEB03F1F3F5170005C5067 /* AlamofirNetworkConnection.swift in Sources */,
				14C492841F3EE7040028B654 /* ViewController.swift in Sources */,
				14DC93981F417ACB00DFA56E /* ServiceDataModel.swift in Sources */,
				14DEB0451F3F834A005C5067 /* CategoryDetailsViewController.swift in Sources */,
				14C492821F3EE7040028B654 /* AppDelegate.swift in Sources */,
			);
			runOnlyForDeploymentPostprocessing = 0;
		};
		14C4928E1F3EE7040028B654 /* Sources */ = {
			isa = PBXSourcesBuildPhase;
			buildActionMask = 2147483647;
			files = (
				14C492971F3EE7040028B654 /* NerarByDemoTests.swift in Sources */,
			);
			runOnlyForDeploymentPostprocessing = 0;
		};
		14C492991F3EE7040028B654 /* Sources */ = {
			isa = PBXSourcesBuildPhase;
			buildActionMask = 2147483647;
			files = (
				14C492A21F3EE7040028B654 /* NerarByDemoUITests.swift in Sources */,
			);
			runOnlyForDeploymentPostprocessing = 0;
		};
/* End PBXSourcesBuildPhase section */

/* Begin PBXTargetDependency section */
		14C492941F3EE7040028B654 /* PBXTargetDependency */ = {
			isa = PBXTargetDependency;
			target = 14C4927D1F3EE7040028B654 /* NerarByDemo */;
			targetProxy = 14C492931F3EE7040028B654 /* PBXContainerItemProxy */;
		};
		14C4929F1F3EE7040028B654 /* PBXTargetDependency */ = {
			isa = PBXTargetDependency;
			target = 14C4927D1F3EE7040028B654 /* NerarByDemo */;
			targetProxy = 14C4929E1F3EE7040028B654 /* PBXContainerItemProxy */;
		};
/* End PBXTargetDependency section */

/* Begin PBXVariantGroup section */
		14C492851F3EE7040028B654 /* Main.storyboard */ = {
			isa = PBXVariantGroup;
			children = (
				14C492861F3EE7040028B654 /* Base */,
			);
			name = Main.storyboard;
			sourceTree = "<group>";
		};
/* End PBXVariantGroup section */

/* Begin XCBuildConfiguration section */
		14C492A41F3EE7040028B654 /* Debug */ = {
			isa = XCBuildConfiguration;
			buildSettings = {
				ALWAYS_SEARCH_USER_PATHS = NO;
				CLANG_ANALYZER_NONNULL = YES;
				CLANG_CXX_LANGUAGE_STANDARD = "gnu++0x";
				CLANG_CXX_LIBRARY = "libc++";
				CLANG_ENABLE_MODULES = YES;
				CLANG_ENABLE_OBJC_ARC = YES;
				CLANG_WARN_BOOL_CONVERSION = YES;
				CLANG_WARN_CONSTANT_CONVERSION = YES;
				CLANG_WARN_DIRECT_OBJC_ISA_USAGE = YES_ERROR;
				CLANG_WARN_DOCUMENTATION_COMMENTS = YES;
				CLANG_WARN_EMPTY_BODY = YES;
				CLANG_WARN_ENUM_CONVERSION = YES;
				CLANG_WARN_INFINITE_RECURSION = YES;
				CLANG_WARN_INT_CONVERSION = YES;
				CLANG_WARN_OBJC_ROOT_CLASS = YES_ERROR;
				CLANG_WARN_SUSPICIOUS_MOVE = YES;
				CLANG_WARN_UNREACHABLE_CODE = YES;
				CLANG_WARN__DUPLICATE_METHOD_MATCH = YES;
				"CODE_SIGN_IDENTITY[sdk=iphoneos*]" = "iPhone Developer";
				COPY_PHASE_STRIP = NO;
				DEBUG_INFORMATION_FORMAT = dwarf;
				ENABLE_STRICT_OBJC_MSGSEND = YES;
				ENABLE_TESTABILITY = YES;
				GCC_C_LANGUAGE_STANDARD = gnu99;
				GCC_DYNAMIC_NO_PIC = NO;
				GCC_NO_COMMON_BLOCKS = YES;
				GCC_OPTIMIZATION_LEVEL = 0;
				GCC_PREPROCESSOR_DEFINITIONS = (
					"DEBUG=1",
					"$(inherited)",
				);
				GCC_WARN_64_TO_32_BIT_CONVERSION = YES;
				GCC_WARN_ABOUT_RETURN_TYPE = YES_ERROR;
				GCC_WARN_UNDECLARED_SELECTOR = YES;
				GCC_WARN_UNINITIALIZED_AUTOS = YES_AGGRESSIVE;
				GCC_WARN_UNUSED_FUNCTION = YES;
				GCC_WARN_UNUSED_VARIABLE = YES;
				IPHONEOS_DEPLOYMENT_TARGET = 10.2;
				MTL_ENABLE_DEBUG_INFO = YES;
				ONLY_ACTIVE_ARCH = YES;
				SDKROOT = iphoneos;
				SWIFT_ACTIVE_COMPILATION_CONDITIONS = DEBUG;
				SWIFT_OPTIMIZATION_LEVEL = "-Onone";
			};
			name = Debug;
		};
		14C492A51F3EE7040028B654 /* Release */ = {
			isa = XCBuildConfiguration;
			buildSettings = {
				ALWAYS_SEARCH_USER_PATHS = NO;
				CLANG_ANALYZER_NONNULL = YES;
				CLANG_CXX_LANGUAGE_STANDARD = "gnu++0x";
				CLANG_CXX_LIBRARY = "libc++";
				CLANG_ENABLE_MODULES = YES;
				CLANG_ENABLE_OBJC_ARC = YES;
				CLANG_WARN_BOOL_CONVERSION = YES;
				CLANG_WARN_CONSTANT_CONVERSION = YES;
				CLANG_WARN_DIRECT_OBJC_ISA_USAGE = YES_ERROR;
				CLANG_WARN_DOCUMENTATION_COMMENTS = YES;
				CLANG_WARN_EMPTY_BODY = YES;
				CLANG_WARN_ENUM_CONVERSION = YES;
				CLANG_WARN_INFINITE_RECURSION = YES;
				CLANG_WARN_INT_CONVERSION = YES;
				CLANG_WARN_OBJC_ROOT_CLASS = YES_ERROR;
				CLANG_WARN_SUSPICIOUS_MOVE = YES;
				CLANG_WARN_UNREACHABLE_CODE = YES;
				CLANG_WARN__DUPLICATE_METHOD_MATCH = YES;
				"CODE_SIGN_IDENTITY[sdk=iphoneos*]" = "iPhone Developer";
				COPY_PHASE_STRIP = NO;
				DEBUG_INFORMATION_FORMAT = "dwarf-with-dsym";
				ENABLE_NS_ASSERTIONS = NO;
				ENABLE_STRICT_OBJC_MSGSEND = YES;
				GCC_C_LANGUAGE_STANDARD = gnu99;
				GCC_NO_COMMON_BLOCKS = YES;
				GCC_WARN_64_TO_32_BIT_CONVERSION = YES;
				GCC_WARN_ABOUT_RETURN_TYPE = YES_ERROR;
				GCC_WARN_UNDECLARED_SELECTOR = YES;
				GCC_WARN_UNINITIALIZED_AUTOS = YES_AGGRESSIVE;
				GCC_WARN_UNUSED_FUNCTION = YES;
				GCC_WARN_UNUSED_VARIABLE = YES;
				IPHONEOS_DEPLOYMENT_TARGET = 10.2;
				MTL_ENABLE_DEBUG_INFO = NO;
				SDKROOT = iphoneos;
				SWIFT_OPTIMIZATION_LEVEL = "-Owholemodule";
				VALIDATE_PRODUCT = YES;
			};
			name = Release;
		};
		14C492A71F3EE7040028B654 /* Debug */ = {
			isa = XCBuildConfiguration;
			baseConfigurationReference = C10A3498F681939B803CCA5D /* Pods-NerarByDemo.debug.xcconfig */;
			buildSettings = {
				ASSETCATALOG_COMPILER_APPICON_NAME = AppIcon;
				DEVELOPMENT_TEAM = "";
				FRAMEWORK_SEARCH_PATHS = (
					"$(inherited)",
					"$(PROJECT_DIR)/Pods/GoogleMaps/Maps/Frameworks",
				);
				INFOPLIST_FILE = NerarByDemo/Info.plist;
				LD_RUNPATH_SEARCH_PATHS = "$(inherited) @executable_path/Frameworks";
				PRODUCT_BUNDLE_IDENTIFIER = com.subhankar.NerarByDemo;
				PRODUCT_NAME = "$(TARGET_NAME)";
				SWIFT_VERSION = 3.0;
			};
			name = Debug;
		};
		14C492A81F3EE7040028B654 /* Release */ = {
			isa = XCBuildConfiguration;
			baseConfigurationReference = 054D2A4C2BB6ABE571EE952B /* Pods-NerarByDemo.release.xcconfig */;
			buildSettings = {
				ASSETCATALOG_COMPILER_APPICON_NAME = AppIcon;
				DEVELOPMENT_TEAM = "";
				FRAMEWORK_SEARCH_PATHS = (
					"$(inherited)",
					"$(PROJECT_DIR)/Pods/GoogleMaps/Maps/Frameworks",
				);
				INFOPLIST_FILE = NerarByDemo/Info.plist;
				LD_RUNPATH_SEARCH_PATHS = "$(inherited) @executable_path/Frameworks";
				PRODUCT_BUNDLE_IDENTIFIER = com.subhankar.NerarByDemo;
				PRODUCT_NAME = "$(TARGET_NAME)";
				SWIFT_VERSION = 3.0;
			};
			name = Release;
		};
		14C492AA1F3EE7040028B654 /* Debug */ = {
			isa = XCBuildConfiguration;
			buildSettings = {
				ALWAYS_EMBED_SWIFT_STANDARD_LIBRARIES = YES;
				BUNDLE_LOADER = "$(TEST_HOST)";
				INFOPLIST_FILE = NerarByDemoTests/Info.plist;
				LD_RUNPATH_SEARCH_PATHS = "$(inherited) @executable_path/Frameworks @loader_path/Frameworks";
				PRODUCT_BUNDLE_IDENTIFIER = com.subhankar.NerarByDemoTests;
				PRODUCT_NAME = "$(TARGET_NAME)";
				SWIFT_VERSION = 3.0;
				TEST_HOST = "$(BUILT_PRODUCTS_DIR)/NerarByDemo.app/NerarByDemo";
			};
			name = Debug;
		};
		14C492AB1F3EE7040028B654 /* Release */ = {
			isa = XCBuildConfiguration;
			buildSettings = {
				ALWAYS_EMBED_SWIFT_STANDARD_LIBRARIES = YES;
				BUNDLE_LOADER = "$(TEST_HOST)";
				INFOPLIST_FILE = NerarByDemoTests/Info.plist;
				LD_RUNPATH_SEARCH_PATHS = "$(inherited) @executable_path/Frameworks @loader_path/Frameworks";
				PRODUCT_BUNDLE_IDENTIFIER = com.subhankar.NerarByDemoTests;
				PRODUCT_NAME = "$(TARGET_NAME)";
				SWIFT_VERSION = 3.0;
				TEST_HOST = "$(BUILT_PRODUCTS_DIR)/NerarByDemo.app/NerarByDemo";
			};
			name = Release;
		};
		14C492AD1F3EE7040028B654 /* Debug */ = {
			isa = XCBuildConfiguration;
			buildSettings = {
				ALWAYS_EMBED_SWIFT_STANDARD_LIBRARIES = YES;
				INFOPLIST_FILE = NerarByDemoUITests/Info.plist;
				LD_RUNPATH_SEARCH_PATHS = "$(inherited) @executable_path/Frameworks @loader_path/Frameworks";
				PRODUCT_BUNDLE_IDENTIFIER = com.subhankar.NerarByDemoUITests;
				PRODUCT_NAME = "$(TARGET_NAME)";
				SWIFT_VERSION = 3.0;
				TEST_TARGET_NAME = NerarByDemo;
			};
			name = Debug;
		};
		14C492AE1F3EE7040028B654 /* Release */ = {
			isa = XCBuildConfiguration;
			buildSettings = {
				ALWAYS_EMBED_SWIFT_STANDARD_LIBRARIES = YES;
				INFOPLIST_FILE = NerarByDemoUITests/Info.plist;
				LD_RUNPATH_SEARCH_PATHS = "$(inherited) @executable_path/Frameworks @loader_path/Frameworks";
				PRODUCT_BUNDLE_IDENTIFIER = com.subhankar.NerarByDemoUITests;
				PRODUCT_NAME = "$(TARGET_NAME)";
				SWIFT_VERSION = 3.0;
				TEST_TARGET_NAME = NerarByDemo;
			};
			name = Release;
		};
/* End XCBuildConfiguration section */

/* Begin XCConfigurationList section */
		14C492791F3EE7040028B654 /* Build configuration list for PBXProject "NerarByDemo" */ = {
			isa = XCConfigurationList;
			buildConfigurations = (
				14C492A41F3EE7040028B654 /* Debug */,
				14C492A51F3EE7040028B654 /* Release */,
			);
			defaultConfigurationIsVisible = 0;
			defaultConfigurationName = Release;
		};
		14C492A61F3EE7040028B654 /* Build configuration list for PBXNativeTarget "NerarByDemo" */ = {
			isa = XCConfigurationList;
			buildConfigurations = (
				14C492A71F3EE7040028B654 /* Debug */,
				14C492A81F3EE7040028B654 /* Release */,
			);
			defaultConfigurationIsVisible = 0;
			defaultConfigurationName = Release;
		};
		14C492A91F3EE7040028B654 /* Build configuration list for PBXNativeTarget "NerarByDemoTests" */ = {
			isa = XCConfigurationList;
			buildConfigurations = (
				14C492AA1F3EE7040028B654 /* Debug */,
				14C492AB1F3EE7040028B654 /* Release */,
			);
			defaultConfigurationIsVisible = 0;
			defaultConfigurationName = Release;
		};
		14C492AC1F3EE7040028B654 /* Build configuration list for PBXNativeTarget "NerarByDemoUITests" */ = {
			isa = XCConfigurationList;
			buildConfigurations = (
				14C492AD1F3EE7040028B654 /* Debug */,
				14C492AE1F3EE7040028B654 /* Release */,
			);
			defaultConfigurationIsVisible = 0;
			defaultConfigurationName = Release;
		};
/* End XCConfigurationList section */
	};
	rootObject = 14C492761F3EE7040028B654 /* Project object */;
}
